
Microsoft Visual Studio Solution File, Format Version 12.00
# Visual Studio Version 17
VisualStudioVersion = 17.10.35013.160
MinimumVisualStudioVersion = 10.0.40219.1
Project("{FAE04EC0-301F-11D3-BF4B-00C04F79EFBC}") = "RecordInheritance", "RecordInheritance\RecordInheritance.csproj", "{ADC06D9E-9CD7-4756-B4C0-FDBDF0EC9365}"
EndProject
Global
	GlobalSection(SolutionConfigurationPlatforms) = preSolution
		Debug|Any CPU = Debug|Any CPU
		Release|Any CPU = Release|Any CPU
	EndGlobalSection
	GlobalSection(ProjectConfigurationPlatforms) = postSolution
		{ADC06D9E-9CD7-4756-B4C0-FDBDF0EC9365}.Debug|Any CPU.ActiveCfg = Debug|Any CPU
		{ADC06D9E-9CD7-4756-B4C0-FDBDF0EC9365}.Debug|Any CPU.Build.0 = Debug|Any CPU
		{ADC06D9E-9CD7-4756-B4C0-FDBDF0EC9365}.Release|Any CPU.ActiveCfg = Release|Any CPU
		{ADC06D9E-9CD7-4756-B4C0-FDBDF0EC9365}.Release|Any CPU.Build.0 = Release|Any CPU
	EndGlobalSection
	GlobalSection(SolutionProperties) = preSolution
		HideSolutionNode = FALSE
	EndGlobalSection
	GlobalSection(ExtensibilityGlobals) = postSolution
		SolutionGuid = {50AEF44F-DC8F-408D-81A0-0E9EFC6EA00B}
	EndGlobalSection
EndGlobal
