
Microsoft Visual Studio Solution File, Format Version 12.00
# Visual Studio Version 17
VisualStudioVersion = 17.10.35013.160
MinimumVisualStudioVersion = 10.0.40219.1
Project("{FAE04EC0-301F-11D3-BF4B-00C04F79EFBC}") = "FunWithPartials", "FunWithPartials\FunWithPartials.csproj", "{E41C2A74-4DEE-4060-84AA-D3AF56163431}"
EndProject
Global
	GlobalSection(SolutionConfigurationPlatforms) = preSolution
		Debug|Any CPU = Debug|Any CPU
		Release|Any CPU = Release|Any CPU
	EndGlobalSection
	GlobalSection(ProjectConfigurationPlatforms) = postSolution
		{E41C2A74-4DEE-4060-84AA-D3AF56163431}.Debug|Any CPU.ActiveCfg = Debug|Any CPU
		{E41C2A74-4DEE-4060-84AA-D3AF56163431}.Debug|Any CPU.Build.0 = Debug|Any CPU
		{E41C2A74-4DEE-4060-84AA-D3AF56163431}.Release|Any CPU.ActiveCfg = Release|Any CPU
		{E41C2A74-4DEE-4060-84AA-D3AF56163431}.Release|Any CPU.Build.0 = Release|Any CPU
	EndGlobalSection
	GlobalSection(SolutionProperties) = preSolution
		HideSolutionNode = FALSE
	EndGlobalSection
	GlobalSection(ExtensibilityGlobals) = postSolution
		SolutionGuid = {3259E25A-8524-42B7-8547-AB53C22BE215}
	EndGlobalSection
EndGlobal
