
Microsoft Visual Studio Solution File, Format Version 12.00
# Visual Studio Version 17
VisualStudioVersion = 17.10.35013.160
MinimumVisualStudioVersion = 10.0.40219.1
Project("{FAE04EC0-301F-11D3-BF4B-00C04F79EFBC}") = "StaticDataAndMembers", "StaticDataAndMembers\StaticDataAndMembers.csproj", "{EE3E0AE0-D586-41B2-A2E0-86A8EC1E0C61}"
EndProject
Global
	GlobalSection(SolutionConfigurationPlatforms) = preSolution
		Debug|Any CPU = Debug|Any CPU
		Release|Any CPU = Release|Any CPU
	EndGlobalSection
	GlobalSection(ProjectConfigurationPlatforms) = postSolution
		{EE3E0AE0-D586-41B2-A2E0-86A8EC1E0C61}.Debug|Any CPU.ActiveCfg = Debug|Any CPU
		{EE3E0AE0-D586-41B2-A2E0-86A8EC1E0C61}.Debug|Any CPU.Build.0 = Debug|Any CPU
		{EE3E0AE0-D586-41B2-A2E0-86A8EC1E0C61}.Release|Any CPU.ActiveCfg = Release|Any CPU
		{EE3E0AE0-D586-41B2-A2E0-86A8EC1E0C61}.Release|Any CPU.Build.0 = Release|Any CPU
	EndGlobalSection
	GlobalSection(SolutionProperties) = preSolution
		HideSolutionNode = FALSE
	EndGlobalSection
	GlobalSection(ExtensibilityGlobals) = postSolution
		SolutionGuid = {9EE04D91-0FAA-4FE0-A486-7EA394D648BE}
	EndGlobalSection
EndGlobal
